
Microsoft Visual Studio Solution File, Format Version 12.00
# Visual Studio Version 17
VisualStudioVersion = 17.3.32804.467
MinimumVisualStudioVersion = 10.0.40219.1
Project("{FAE04EC0-301F-11D3-BF4B-00C04F79EFBC}") = "ThePlanetCrafterEquipmentExtend", "ThePlanetCrafterEquipmentExtend\ThePlanetCrafterEquipmentExtend.csproj", "{2D869B58-F9BF-4FEA-9957-F61BA7754435}"
EndProject
Global
	GlobalSection(SolutionConfigurationPlatforms) = preSolution
		Debug|Any CPU = Debug|Any CPU
		Release|Any CPU = Release|Any CPU
	EndGlobalSection
	GlobalSection(ProjectConfigurationPlatforms) = postSolution
		{2D869B58-F9BF-4FEA-9957-F61BA7754435}.Debug|Any CPU.ActiveCfg = Debug|Any CPU
		{2D869B58-F9BF-4FEA-9957-F61BA7754435}.Debug|Any CPU.Build.0 = Debug|Any CPU
		{2D869B58-F9BF-4FEA-9957-F61BA7754435}.Release|Any CPU.ActiveCfg = Release|Any CPU
		{2D869B58-F9BF-4FEA-9957-F61BA7754435}.Release|Any CPU.Build.0 = Release|Any CPU
	EndGlobalSection
	GlobalSection(SolutionProperties) = preSolution
		HideSolutionNode = FALSE
	EndGlobalSection
	GlobalSection(ExtensibilityGlobals) = postSolution
		SolutionGuid = {8F57D54A-C0E9-4E1D-BBD7-F76DF9B3AB90}
	EndGlobalSection
EndGlobal
