
Microsoft Visual Studio Solution File, Format Version 12.00
# Visual Studio Version 17
VisualStudioVersion = 17.3.32804.467
MinimumVisualStudioVersion = 10.0.40219.1
Project("{FAE04EC0-301F-11D3-BF4B-00C04F79EFBC}") = "TPCFixGrabable", "TPCFastDeconstruct\TPCFixGrabable.csproj", "{EE835E34-724A-4BD5-AD70-596F69174718}"
EndProject
Global
	GlobalSection(SolutionConfigurationPlatforms) = preSolution
		Debug|Any CPU = Debug|Any CPU
		Release|Any CPU = Release|Any CPU
	EndGlobalSection
	GlobalSection(ProjectConfigurationPlatforms) = postSolution
		{EE835E34-724A-4BD5-AD70-596F69174718}.Debug|Any CPU.ActiveCfg = Debug|Any CPU
		{EE835E34-724A-4BD5-AD70-596F69174718}.Debug|Any CPU.Build.0 = Debug|Any CPU
		{EE835E34-724A-4BD5-AD70-596F69174718}.Release|Any CPU.ActiveCfg = Release|Any CPU
		{EE835E34-724A-4BD5-AD70-596F69174718}.Release|Any CPU.Build.0 = Release|Any CPU
	EndGlobalSection
	GlobalSection(SolutionProperties) = preSolution
		HideSolutionNode = FALSE
	EndGlobalSection
	GlobalSection(ExtensibilityGlobals) = postSolution
		SolutionGuid = {91F541A3-C748-4671-9170-A904E43DAA6E}
	EndGlobalSection
EndGlobal
